
Microsoft Visual Studio Solution File, Format Version 12.00
# Visual Studio Version 16
VisualStudioVersion = 16.0.30406.217
MinimumVisualStudioVersion = 10.0.40219.1
Project("{FAE04EC0-301F-11D3-BF4B-00C04F79EFBC}") = "ConsumoServiciosAddIn", "ConsumoServiciosAddIn.csproj", "{AB0CEEC1-CB2E-464F-BA65-F6A0784C046F}"
EndProject
Global
	GlobalSection(SolutionConfigurationPlatforms) = preSolution
		Debug|Any CPU = Debug|Any CPU
		Release|Any CPU = Release|Any CPU
	EndGlobalSection
	GlobalSection(ProjectConfigurationPlatforms) = postSolution
		{AB0CEEC1-CB2E-464F-BA65-F6A0784C046F}.Debug|Any CPU.ActiveCfg = Debug|Any CPU
		{AB0CEEC1-CB2E-464F-BA65-F6A0784C046F}.Debug|Any CPU.Build.0 = Debug|Any CPU
		{AB0CEEC1-CB2E-464F-BA65-F6A0784C046F}.Debug|Any CPU.Deploy.0 = Debug|Any CPU
		{AB0CEEC1-CB2E-464F-BA65-F6A0784C046F}.Release|Any CPU.ActiveCfg = Release|Any CPU
		{AB0CEEC1-CB2E-464F-BA65-F6A0784C046F}.Release|Any CPU.Build.0 = Release|Any CPU
		{AB0CEEC1-CB2E-464F-BA65-F6A0784C046F}.Release|Any CPU.Deploy.0 = Release|Any CPU
	EndGlobalSection
	GlobalSection(SolutionProperties) = preSolution
		HideSolutionNode = FALSE
	EndGlobalSection
	GlobalSection(ExtensibilityGlobals) = postSolution
		SolutionGuid = {7A207BBC-E4F5-4372-ACFB-A9D07A0F560D}
	EndGlobalSection
EndGlobal
